
Microsoft Visual Studio Solution File, Format Version 12.00
# Visual Studio Version 16
VisualStudioVersion = 16.0.30413.136
MinimumVisualStudioVersion = 10.0.40219.1
Project("{FAE04EC0-301F-11D3-BF4B-00C04F79EFBC}") = "class6.1", "class6.1.csproj", "{5420AA34-79D7-4F0F-8EEB-7A2CA0E9E152}"
EndProject
Global
	GlobalSection(SolutionConfigurationPlatforms) = preSolution
		Debug|Any CPU = Debug|Any CPU
		Release|Any CPU = Release|Any CPU
	EndGlobalSection
	GlobalSection(ProjectConfigurationPlatforms) = postSolution
		{5420AA34-79D7-4F0F-8EEB-7A2CA0E9E152}.Debug|Any CPU.ActiveCfg = Debug|Any CPU
		{5420AA34-79D7-4F0F-8EEB-7A2CA0E9E152}.Debug|Any CPU.Build.0 = Debug|Any CPU
		{5420AA34-79D7-4F0F-8EEB-7A2CA0E9E152}.Release|Any CPU.ActiveCfg = Release|Any CPU
		{5420AA34-79D7-4F0F-8EEB-7A2CA0E9E152}.Release|Any CPU.Build.0 = Release|Any CPU
	EndGlobalSection
	GlobalSection(SolutionProperties) = preSolution
		HideSolutionNode = FALSE
	EndGlobalSection
	GlobalSection(ExtensibilityGlobals) = postSolution
		SolutionGuid = {7AF9D2ED-D52C-4266-80B4-994A9F96C470}
	EndGlobalSection
EndGlobal
